
Microsoft Visual Studio Solution File, Format Version 12.00
# Visual Studio Version 17
VisualStudioVersion = 17.7.34031.279
MinimumVisualStudioVersion = 10.0.40219.1
Project("{FAE04EC0-301F-11D3-BF4B-00C04F79EFBC}") = "DemoInterfaceSAPB1", "DemoInterfaceSAPB1.csproj", "{8E2EFDAC-5458-48F3-8480-50A3B2196B84}"
EndProject
Global
	GlobalSection(SolutionConfigurationPlatforms) = preSolution
		Debug|Any CPU = Debug|Any CPU
		Release|Any CPU = Release|Any CPU
	EndGlobalSection
	GlobalSection(ProjectConfigurationPlatforms) = postSolution
		{8E2EFDAC-5458-48F3-8480-50A3B2196B84}.Debug|Any CPU.ActiveCfg = Debug|Any CPU
		{8E2EFDAC-5458-48F3-8480-50A3B2196B84}.Debug|Any CPU.Build.0 = Debug|Any CPU
		{8E2EFDAC-5458-48F3-8480-50A3B2196B84}.Release|Any CPU.ActiveCfg = Release|Any CPU
		{8E2EFDAC-5458-48F3-8480-50A3B2196B84}.Release|Any CPU.Build.0 = Release|Any CPU
	EndGlobalSection
	GlobalSection(SolutionProperties) = preSolution
		HideSolutionNode = FALSE
	EndGlobalSection
	GlobalSection(ExtensibilityGlobals) = postSolution
		SolutionGuid = {2677C307-AE03-4403-B982-D131A880CCD6}
	EndGlobalSection
EndGlobal
